// !$*UTF8*$!
{
	archiveVersion = 1;
	classes = {
	};
	objectVersion = 55;
	objects = {

/* Begin PBXBuildFile section */
		1AA66521C57F80C9B5E99870 /* Pods_tictactoe_ios.framework in Frameworks */ = {isa = PBXBuildFile; fileRef = B3AD8C746567886973618C48 /* Pods_tictactoe_ios.framework */; };
		414328F927AAF4A400658F63 /* AIDifficultyVC.swift in Sources */ = {isa = PBXBuildFile; fileRef = 414328F827AAF4A400658F63 /* AIDifficultyVC.swift */; };
		414328FB27AAF4C800658F63 /* AIDifficultyView.swift in Sources */ = {isa = PBXBuildFile; fileRef = 414328FA27AAF4C800658F63 /* AIDifficultyView.swift */; };
		414328FD27AAF66D00658F63 /* GameMode.swift in Sources */ = {isa = PBXBuildFile; fileRef = 414328FC27AAF66D00658F63 /* GameMode.swift */; };
		4143290027AB031C00658F63 /* AIBot.swift in Sources */ = {isa = PBXBuildFile; fileRef = 414328FF27AB031C00658F63 /* AIBot.swift */; };
		418E21E827AAE336006895D1 /* AppDelegate.swift in Sources */ = {isa = PBXBuildFile; fileRef = 418E21E727AAE336006895D1 /* AppDelegate.swift */; };
		418E21EA27AAE336006895D1 /* SceneDelegate.swift in Sources */ = {isa = PBXBuildFile; fileRef = 418E21E927AAE336006895D1 /* SceneDelegate.swift */; };
		418E21F127AAE338006895D1 /* Assets.xcassets in Resources */ = {isa = PBXBuildFile; fileRef = 418E21F027AAE338006895D1 /* Assets.xcassets */; };
		418E21F427AAE338006895D1 /* LaunchScreen.storyboard in Resources */ = {isa = PBXBuildFile; fileRef = 418E21F227AAE338006895D1 /* LaunchScreen.storyboard */; };
		418E221127AAE553006895D1 /* MainMenuView.swift in Sources */ = {isa = PBXBuildFile; fileRef = 418E220127AAE553006895D1 /* MainMenuView.swift */; };
		418E221227AAE553006895D1 /* MainMenuVC.swift in Sources */ = {isa = PBXBuildFile; fileRef = 418E220227AAE553006895D1 /* MainMenuVC.swift */; };
		418E221327AAE553006895D1 /* CustomView.swift in Sources */ = {isa = PBXBuildFile; fileRef = 418E220427AAE553006895D1 /* CustomView.swift */; };
		418E221427AAE553006895D1 /* RoundedView.swift in Sources */ = {isa = PBXBuildFile; fileRef = 418E220527AAE553006895D1 /* RoundedView.swift */; };
		418E221527AAE553006895D1 /* NavigationVC.swift in Sources */ = {isa = PBXBuildFile; fileRef = 418E220627AAE553006895D1 /* NavigationVC.swift */; };
		418E221627AAE553006895D1 /* BoardVC.swift in Sources */ = {isa = PBXBuildFile; fileRef = 418E220927AAE553006895D1 /* BoardVC.swift */; };
		418E221727AAE553006895D1 /* BoardView.swift in Sources */ = {isa = PBXBuildFile; fileRef = 418E220A27AAE553006895D1 /* BoardView.swift */; };
		418E221827AAE553006895D1 /* MarkerColor.swift in Sources */ = {isa = PBXBuildFile; fileRef = 418E220C27AAE553006895D1 /* MarkerColor.swift */; };
		418E221927AAE553006895D1 /* MarkerView.swift in Sources */ = {isa = PBXBuildFile; fileRef = 418E220D27AAE553006895D1 /* MarkerView.swift */; };
		418E221A27AAE553006895D1 /* Marker.swift in Sources */ = {isa = PBXBuildFile; fileRef = 418E220E27AAE553006895D1 /* Marker.swift */; };
		418E221B27AAE553006895D1 /* BoardCollectionViewCell.swift in Sources */ = {isa = PBXBuildFile; fileRef = 418E220F27AAE553006895D1 /* BoardCollectionViewCell.swift */; };
		418E221C27AAE553006895D1 /* GameVC.swift in Sources */ = {isa = PBXBuildFile; fileRef = 418E221027AAE553006895D1 /* GameVC.swift */; };
		418E222A27AAECCA006895D1 /* Move.swift in Sources */ = {isa = PBXBuildFile; fileRef = 418E221E27AAECCA006895D1 /* Move.swift */; };
		418E222B27AAECCA006895D1 /* BoardAnalyzer.swift in Sources */ = {isa = PBXBuildFile; fileRef = 418E221F27AAECCA006895D1 /* BoardAnalyzer.swift */; };
		418E222C27AAECCA006895D1 /* Board.swift in Sources */ = {isa = PBXBuildFile; fileRef = 418E222027AAECCA006895D1 /* Board.swift */; };
		418E222D27AAECCA006895D1 /* Game.swift in Sources */ = {isa = PBXBuildFile; fileRef = 418E222127AAECCA006895D1 /* Game.swift */; };
		418E222E27AAECCA006895D1 /* Cell.swift in Sources */ = {isa = PBXBuildFile; fileRef = 418E222227AAECCA006895D1 /* Cell.swift */; };
		418E222F27AAECCA006895D1 /* GameStatus.swift in Sources */ = {isa = PBXBuildFile; fileRef = 418E222327AAECCA006895D1 /* GameStatus.swift */; };
		418E223027AAECCA006895D1 /* TicTacToeError.swift in Sources */ = {isa = PBXBuildFile; fileRef = 418E222427AAECCA006895D1 /* TicTacToeError.swift */; };
		418E223127AAECCA006895D1 /* Player.swift in Sources */ = {isa = PBXBuildFile; fileRef = 418E222527AAECCA006895D1 /* Player.swift */; };
		418E223227AAECCA006895D1 /* BoardVM.swift in Sources */ = {isa = PBXBuildFile; fileRef = 418E222727AAECCA006895D1 /* BoardVM.swift */; };
		418E223327AAECCA006895D1 /* GameVM.swift in Sources */ = {isa = PBXBuildFile; fileRef = 418E222827AAECCA006895D1 /* GameVM.swift */; };
		418E223427AAECCA006895D1 /* CellVM.swift in Sources */ = {isa = PBXBuildFile; fileRef = 418E222927AAECCA006895D1 /* CellVM.swift */; };
		4195D3FC27ABE573009E105F /* Bot.swift in Sources */ = {isa = PBXBuildFile; fileRef = 4195D3FB27ABE573009E105F /* Bot.swift */; };
/* End PBXBuildFile section */

/* Begin PBXFileReference section */
		0159262993B768CB9828773E /* Pods-tictactoe-ios.release.xcconfig */ = {isa = PBXFileReference; includeInIndex = 1; lastKnownFileType = text.xcconfig; name = "Pods-tictactoe-ios.release.xcconfig"; path = "Target Support Files/Pods-tictactoe-ios/Pods-tictactoe-ios.release.xcconfig"; sourceTree = "<group>"; };
		10F96862478003DADDE62A5E /* Pods-tictactoe-ios.debug.xcconfig */ = {isa = PBXFileReference; includeInIndex = 1; lastKnownFileType = text.xcconfig; name = "Pods-tictactoe-ios.debug.xcconfig"; path = "Target Support Files/Pods-tictactoe-ios/Pods-tictactoe-ios.debug.xcconfig"; sourceTree = "<group>"; };
		414328F727AAF11A00658F63 /* Info.plist */ = {isa = PBXFileReference; lastKnownFileType = text.plist.xml; path = Info.plist; sourceTree = "<group>"; };
		414328F827AAF4A400658F63 /* AIDifficultyVC.swift */ = {isa = PBXFileReference; lastKnownFileType = sourcecode.swift; path = AIDifficultyVC.swift; sourceTree = "<group>"; };
		414328FA27AAF4C800658F63 /* AIDifficultyView.swift */ = {isa = PBXFileReference; lastKnownFileType = sourcecode.swift; path = AIDifficultyView.swift; sourceTree = "<group>"; };
		414328FC27AAF66D00658F63 /* GameMode.swift */ = {isa = PBXFileReference; lastKnownFileType = sourcecode.swift; path = GameMode.swift; sourceTree = "<group>"; };
		414328FF27AB031C00658F63 /* AIBot.swift */ = {isa = PBXFileReference; lastKnownFileType = sourcecode.swift; path = AIBot.swift; sourceTree = "<group>"; };
		418E21E427AAE336006895D1 /* tictactoe-ios.app */ = {isa = PBXFileReference; explicitFileType = wrapper.application; includeInIndex = 0; path = "tictactoe-ios.app"; sourceTree = BUILT_PRODUCTS_DIR; };
		418E21E727AAE336006895D1 /* AppDelegate.swift */ = {isa = PBXFileReference; lastKnownFileType = sourcecode.swift; path = AppDelegate.swift; sourceTree = "<group>"; };
		418E21E927AAE336006895D1 /* SceneDelegate.swift */ = {isa = PBXFileReference; lastKnownFileType = sourcecode.swift; path = SceneDelegate.swift; sourceTree = "<group>"; };
		418E21F027AAE338006895D1 /* Assets.xcassets */ = {isa = PBXFileReference; lastKnownFileType = folder.assetcatalog; path = Assets.xcassets; sourceTree = "<group>"; };
		418E21F327AAE338006895D1 /* Base */ = {isa = PBXFileReference; lastKnownFileType = file.storyboard; name = Base; path = Base.lproj/LaunchScreen.storyboard; sourceTree = "<group>"; };
		418E220127AAE553006895D1 /* MainMenuView.swift */ = {isa = PBXFileReference; fileEncoding = 4; lastKnownFileType = sourcecode.swift; path = MainMenuView.swift; sourceTree = "<group>"; };
		418E220227AAE553006895D1 /* MainMenuVC.swift */ = {isa = PBXFileReference; fileEncoding = 4; lastKnownFileType = sourcecode.swift; path = MainMenuVC.swift; sourceTree = "<group>"; };
		418E220427AAE553006895D1 /* CustomView.swift */ = {isa = PBXFileReference; fileEncoding = 4; lastKnownFileType = sourcecode.swift; path = CustomView.swift; sourceTree = "<group>"; };
		418E220527AAE553006895D1 /* RoundedView.swift */ = {isa = PBXFileReference; fileEncoding = 4; lastKnownFileType = sourcecode.swift; path = RoundedView.swift; sourceTree = "<group>"; };
		418E220627AAE553006895D1 /* NavigationVC.swift */ = {isa = PBXFileReference; fileEncoding = 4; lastKnownFileType = sourcecode.swift; path = NavigationVC.swift; sourceTree = "<group>"; };
		418E220927AAE553006895D1 /* BoardVC.swift */ = {isa = PBXFileReference; fileEncoding = 4; lastKnownFileType = sourcecode.swift; path = BoardVC.swift; sourceTree = "<group>"; };
		418E220A27AAE553006895D1 /* BoardView.swift */ = {isa = PBXFileReference; fileEncoding = 4; lastKnownFileType = sourcecode.swift; path = BoardView.swift; sourceTree = "<group>"; };
		418E220C27AAE553006895D1 /* MarkerColor.swift */ = {isa = PBXFileReference; fileEncoding = 4; lastKnownFileType = sourcecode.swift; path = MarkerColor.swift; sourceTree = "<group>"; };
		418E220D27AAE553006895D1 /* MarkerView.swift */ = {isa = PBXFileReference; fileEncoding = 4; lastKnownFileType = sourcecode.swift; path = MarkerView.swift; sourceTree = "<group>"; };
		418E220E27AAE553006895D1 /* Marker.swift */ = {isa = PBXFileReference; fileEncoding = 4; lastKnownFileType = sourcecode.swift; path = Marker.swift; sourceTree = "<group>"; };
		418E220F27AAE553006895D1 /* BoardCollectionViewCell.swift */ = {isa = PBXFileReference; fileEncoding = 4; lastKnownFileType = sourcecode.swift; path = BoardCollectionViewCell.swift; sourceTree = "<group>"; };
		418E221027AAE553006895D1 /* GameVC.swift */ = {isa = PBXFileReference; fileEncoding = 4; lastKnownFileType = sourcecode.swift; path = GameVC.swift; sourceTree = "<group>"; };
		418E221E27AAECCA006895D1 /* Move.swift */ = {isa = PBXFileReference; fileEncoding = 4; lastKnownFileType = sourcecode.swift; path = Move.swift; sourceTree = "<group>"; };
		418E221F27AAECCA006895D1 /* BoardAnalyzer.swift */ = {isa = PBXFileReference; fileEncoding = 4; lastKnownFileType = sourcecode.swift; path = BoardAnalyzer.swift; sourceTree = "<group>"; };
		418E222027AAECCA006895D1 /* Board.swift */ = {isa = PBXFileReference; fileEncoding = 4; lastKnownFileType = sourcecode.swift; path = Board.swift; sourceTree = "<group>"; };
		418E222127AAECCA006895D1 /* Game.swift */ = {isa = PBXFileReference; fileEncoding = 4; lastKnownFileType = sourcecode.swift; path = Game.swift; sourceTree = "<group>"; };
		418E222227AAECCA006895D1 /* Cell.swift */ = {isa = PBXFileReference; fileEncoding = 4; lastKnownFileType = sourcecode.swift; path = Cell.swift; sourceTree = "<group>"; };
		418E222327AAECCA006895D1 /* GameStatus.swift */ = {isa = PBXFileReference; fileEncoding = 4; lastKnownFileType = sourcecode.swift; path = GameStatus.swift; sourceTree = "<group>"; };
		418E222427AAECCA006895D1 /* TicTacToeError.swift */ = {isa = PBXFileReference; fileEncoding = 4; lastKnownFileType = sourcecode.swift; path = TicTacToeError.swift; sourceTree = "<group>"; };
		418E222527AAECCA006895D1 /* Player.swift */ = {isa = PBXFileReference; fileEncoding = 4; lastKnownFileType = sourcecode.swift; path = Player.swift; sourceTree = "<group>"; };
		418E222727AAECCA006895D1 /* BoardVM.swift */ = {isa = PBXFileReference; fileEncoding = 4; lastKnownFileType = sourcecode.swift; path = BoardVM.swift; sourceTree = "<group>"; };
		418E222827AAECCA006895D1 /* GameVM.swift */ = {isa = PBXFileReference; fileEncoding = 4; lastKnownFileType = sourcecode.swift; path = GameVM.swift; sourceTree = "<group>"; };
		418E222927AAECCA006895D1 /* CellVM.swift */ = {isa = PBXFileReference; fileEncoding = 4; lastKnownFileType = sourcecode.swift; path = CellVM.swift; sourceTree = "<group>"; };
		4195D3FB27ABE573009E105F /* Bot.swift */ = {isa = PBXFileReference; lastKnownFileType = sourcecode.swift; path = Bot.swift; sourceTree = "<group>"; };
		B3AD8C746567886973618C48 /* Pods_tictactoe_ios.framework */ = {isa = PBXFileReference; explicitFileType = wrapper.framework; includeInIndex = 0; path = Pods_tictactoe_ios.framework; sourceTree = BUILT_PRODUCTS_DIR; };
/* End PBXFileReference section */

/* Begin PBXFrameworksBuildPhase section */
		418E21E127AAE336006895D1 /* Frameworks */ = {
			isa = PBXFrameworksBuildPhase;
			buildActionMask = 2147483647;
			files = (
				1AA66521C57F80C9B5E99870 /* Pods_tictactoe_ios.framework in Frameworks */,
			);
			runOnlyForDeploymentPostprocessing = 0;
		};
/* End PBXFrameworksBuildPhase section */

/* Begin PBXGroup section */
		2B9DC294C89D48B0C35723F3 /* Frameworks */ = {
			isa = PBXGroup;
			children = (
				B3AD8C746567886973618C48 /* Pods_tictactoe_ios.framework */,
			);
			name = Frameworks;
			sourceTree = "<group>";
		};
		414328FE27AB030600658F63 /* Utils */ = {
			isa = PBXGroup;
			children = (
				4195D3FB27ABE573009E105F /* Bot.swift */,
				414328FF27AB031C00658F63 /* AIBot.swift */,
			);
			path = Utils;
			sourceTree = "<group>";
		};
		418E21DB27AAE336006895D1 = {
			isa = PBXGroup;
			children = (
				418E21E627AAE336006895D1 /* tictactoe-ios */,
				418E21E527AAE336006895D1 /* Products */,
				827DAE7D54832E040ECD0AFC /* Pods */,
				2B9DC294C89D48B0C35723F3 /* Frameworks */,
			);
			sourceTree = "<group>";
		};
		418E21E527AAE336006895D1 /* Products */ = {
			isa = PBXGroup;
			children = (
				418E21E427AAE336006895D1 /* tictactoe-ios.app */,
			);
			name = Products;
			sourceTree = "<group>";
		};
		418E21E627AAE336006895D1 /* tictactoe-ios */ = {
			isa = PBXGroup;
			children = (
				414328FE27AB030600658F63 /* Utils */,
				418E221D27AAECCA006895D1 /* Models */,
				418E21FD27AAE389006895D1 /* Views */,
				418E222627AAECCA006895D1 /* ViewModels */,
				418E21FB27AAE37C006895D1 /* App */,
				418E21FC27AAE381006895D1 /* Resources */,
			);
			path = "tictactoe-ios";
			sourceTree = "<group>";
		};
		418E21FB27AAE37C006895D1 /* App */ = {
			isa = PBXGroup;
			children = (
				418E21E727AAE336006895D1 /* AppDelegate.swift */,
				418E21E927AAE336006895D1 /* SceneDelegate.swift */,
			);
			path = App;
			sourceTree = "<group>";
		};
		418E21FC27AAE381006895D1 /* Resources */ = {
			isa = PBXGroup;
			children = (
				418E21F027AAE338006895D1 /* Assets.xcassets */,
				418E21F227AAE338006895D1 /* LaunchScreen.storyboard */,
				414328F727AAF11A00658F63 /* Info.plist */,
			);
			path = Resources;
			sourceTree = "<group>";
		};
		418E21FD27AAE389006895D1 /* Views */ = {
			isa = PBXGroup;
			children = (
				418E220327AAE553006895D1 /* Shared */,
				418E220727AAE553006895D1 /* Game */,
				418E220027AAE553006895D1 /* MainMenu */,
				418E220627AAE553006895D1 /* NavigationVC.swift */,
			);
			path = Views;
			sourceTree = "<group>";
		};
		418E220027AAE553006895D1 /* MainMenu */ = {
			isa = PBXGroup;
			children = (
				414328FA27AAF4C800658F63 /* AIDifficultyView.swift */,
				414328F827AAF4A400658F63 /* AIDifficultyVC.swift */,
				418E220127AAE553006895D1 /* MainMenuView.swift */,
				418E220227AAE553006895D1 /* MainMenuVC.swift */,
			);
			path = MainMenu;
			sourceTree = "<group>";
		};
		418E220327AAE553006895D1 /* Shared */ = {
			isa = PBXGroup;
			children = (
				418E220427AAE553006895D1 /* CustomView.swift */,
				418E220527AAE553006895D1 /* RoundedView.swift */,
			);
			path = Shared;
			sourceTree = "<group>";
		};
		418E220727AAE553006895D1 /* Game */ = {
			isa = PBXGroup;
			children = (
				418E220827AAE553006895D1 /* Board */,
				418E221027AAE553006895D1 /* GameVC.swift */,
				414328FC27AAF66D00658F63 /* GameMode.swift */,
			);
			path = Game;
			sourceTree = "<group>";
		};
		418E220827AAE553006895D1 /* Board */ = {
			isa = PBXGroup;
			children = (
				418E220B27AAE553006895D1 /* Marker */,
				418E220F27AAE553006895D1 /* BoardCollectionViewCell.swift */,
				418E220A27AAE553006895D1 /* BoardView.swift */,
				418E220927AAE553006895D1 /* BoardVC.swift */,
			);
			path = Board;
			sourceTree = "<group>";
		};
		418E220B27AAE553006895D1 /* Marker */ = {
			isa = PBXGroup;
			children = (
				418E220C27AAE553006895D1 /* MarkerColor.swift */,
				418E220D27AAE553006895D1 /* MarkerView.swift */,
				418E220E27AAE553006895D1 /* Marker.swift */,
			);
			path = Marker;
			sourceTree = "<group>";
		};
		418E221D27AAECCA006895D1 /* Models */ = {
			isa = PBXGroup;
			children = (
				418E221E27AAECCA006895D1 /* Move.swift */,
				418E221F27AAECCA006895D1 /* BoardAnalyzer.swift */,
				418E222027AAECCA006895D1 /* Board.swift */,
				418E222127AAECCA006895D1 /* Game.swift */,
				418E222227AAECCA006895D1 /* Cell.swift */,
				418E222327AAECCA006895D1 /* GameStatus.swift */,
				418E222427AAECCA006895D1 /* TicTacToeError.swift */,
				418E222527AAECCA006895D1 /* Player.swift */,
			);
			path = Models;
			sourceTree = "<group>";
		};
		418E222627AAECCA006895D1 /* ViewModels */ = {
			isa = PBXGroup;
			children = (
				418E222827AAECCA006895D1 /* GameVM.swift */,
				418E222727AAECCA006895D1 /* BoardVM.swift */,
				418E222927AAECCA006895D1 /* CellVM.swift */,
			);
			path = ViewModels;
			sourceTree = "<group>";
		};
		827DAE7D54832E040ECD0AFC /* Pods */ = {
			isa = PBXGroup;
			children = (
				10F96862478003DADDE62A5E /* Pods-tictactoe-ios.debug.xcconfig */,
				0159262993B768CB9828773E /* Pods-tictactoe-ios.release.xcconfig */,
			);
			path = Pods;
			sourceTree = "<group>";
		};
/* End PBXGroup section */

/* Begin PBXNativeTarget section */
		418E21E327AAE336006895D1 /* tictactoe-ios */ = {
			isa = PBXNativeTarget;
			buildConfigurationList = 418E21F827AAE338006895D1 /* Build configuration list for PBXNativeTarget "tictactoe-ios" */;
			buildPhases = (
				3777C60E4329FB39F1A77CA7 /* [CP] Check Pods Manifest.lock */,
				418E21E027AAE336006895D1 /* Sources */,
				418E21E127AAE336006895D1 /* Frameworks */,
				418E21E227AAE336006895D1 /* Resources */,
				62E5C1991F0568CE76F0B4F4 /* [CP] Embed Pods Frameworks */,
			);
			buildRules = (
			);
			dependencies = (
			);
			name = "tictactoe-ios";
			productName = "tictactoe-ios";
			productReference = 418E21E427AAE336006895D1 /* tictactoe-ios.app */;
			productType = "com.apple.product-type.application";
		};
/* End PBXNativeTarget section */

/* Begin PBXProject section */
		418E21DC27AAE336006895D1 /* Project object */ = {
			isa = PBXProject;
			attributes = {
				BuildIndependentTargetsInParallel = 1;
				LastSwiftUpdateCheck = 1310;
				LastUpgradeCheck = 1310;
				TargetAttributes = {
					418E21E327AAE336006895D1 = {
						CreatedOnToolsVersion = 13.1;
					};
				};
			};
			buildConfigurationList = 418E21DF27AAE336006895D1 /* Build configuration list for PBXProject "tictactoe-ios" */;
			compatibilityVersion = "Xcode 13.0";
			developmentRegion = en;
			hasScannedForEncodings = 0;
			knownRegions = (
				en,
				Base,
			);
			mainGroup = 418E21DB27AAE336006895D1;
			productRefGroup = 418E21E527AAE336006895D1 /* Products */;
			projectDirPath = "";
			projectRoot = "";
			targets = (
				418E21E327AAE336006895D1 /* tictactoe-ios */,
			);
		};
/* End PBXProject section */

/* Begin PBXResourcesBuildPhase section */
		418E21E227AAE336006895D1 /* Resources */ = {
			isa = PBXResourcesBuildPhase;
			buildActionMask = 2147483647;
			files = (
				418E21F427AAE338006895D1 /* LaunchScreen.storyboard in Resources */,
				418E21F127AAE338006895D1 /* Assets.xcassets in Resources */,
			);
			runOnlyForDeploymentPostprocessing = 0;
		};
/* End PBXResourcesBuildPhase section */

/* Begin PBXShellScriptBuildPhase section */
		3777C60E4329FB39F1A77CA7 /* [CP] Check Pods Manifest.lock */ = {
			isa = PBXShellScriptBuildPhase;
			buildActionMask = 2147483647;
			files = (
			);
			inputFileListPaths = (
			);
			inputPaths = (
				"${PODS_PODFILE_DIR_PATH}/Podfile.lock",
				"${PODS_ROOT}/Manifest.lock",
			);
			name = "[CP] Check Pods Manifest.lock";
			outputFileListPaths = (
			);
			outputPaths = (
				"$(DERIVED_FILE_DIR)/Pods-tictactoe-ios-checkManifestLockResult.txt",
			);
			runOnlyForDeploymentPostprocessing = 0;
			shellPath = /bin/sh;
			shellScript = "diff \"${PODS_PODFILE_DIR_PATH}/Podfile.lock\" \"${PODS_ROOT}/Manifest.lock\" > /dev/null\nif [ $? != 0 ] ; then\n    # print error to STDERR\n    echo \"error: The sandbox is not in sync with the Podfile.lock. Run 'pod install' or update your CocoaPods installation.\" >&2\n    exit 1\nfi\n# This output is used by Xcode 'outputs' to avoid re-running this script phase.\necho \"SUCCESS\" > \"${SCRIPT_OUTPUT_FILE_0}\"\n";
			showEnvVarsInLog = 0;
		};
		62E5C1991F0568CE76F0B4F4 /* [CP] Embed Pods Frameworks */ = {
			isa = PBXShellScriptBuildPhase;
			buildActionMask = 2147483647;
			files = (
			);
			inputFileListPaths = (
				"${PODS_ROOT}/Target Support Files/Pods-tictactoe-ios/Pods-tictactoe-ios-frameworks-${CONFIGURATION}-input-files.xcfilelist",
			);
			name = "[CP] Embed Pods Frameworks";
			outputFileListPaths = (
				"${PODS_ROOT}/Target Support Files/Pods-tictactoe-ios/Pods-tictactoe-ios-frameworks-${CONFIGURATION}-output-files.xcfilelist",
			);
			runOnlyForDeploymentPostprocessing = 0;
			shellPath = /bin/sh;
			shellScript = "\"${PODS_ROOT}/Target Support Files/Pods-tictactoe-ios/Pods-tictactoe-ios-frameworks.sh\"\n";
			showEnvVarsInLog = 0;
		};
/* End PBXShellScriptBuildPhase section */

/* Begin PBXSourcesBuildPhase section */
		418E21E027AAE336006895D1 /* Sources */ = {
			isa = PBXSourcesBuildPhase;
			buildActionMask = 2147483647;
			files = (
				414328FD27AAF66D00658F63 /* GameMode.swift in Sources */,
				418E223127AAECCA006895D1 /* Player.swift in Sources */,
				414328FB27AAF4C800658F63 /* AIDifficultyView.swift in Sources */,
				418E221627AAE553006895D1 /* BoardVC.swift in Sources */,
				414328F927AAF4A400658F63 /* AIDifficultyVC.swift in Sources */,
				418E222D27AAECCA006895D1 /* Game.swift in Sources */,
				418E221827AAE553006895D1 /* MarkerColor.swift in Sources */,
				418E223327AAECCA006895D1 /* GameVM.swift in Sources */,
				418E221227AAE553006895D1 /* MainMenuVC.swift in Sources */,
				4195D3FC27ABE573009E105F /* Bot.swift in Sources */,
				418E221927AAE553006895D1 /* MarkerView.swift in Sources */,
				418E223427AAECCA006895D1 /* CellVM.swift in Sources */,
				4143290027AB031C00658F63 /* AIBot.swift in Sources */,
				418E222C27AAECCA006895D1 /* Board.swift in Sources */,
				418E221427AAE553006895D1 /* RoundedView.swift in Sources */,
				418E21E827AAE336006895D1 /* AppDelegate.swift in Sources */,
				418E223027AAECCA006895D1 /* TicTacToeError.swift in Sources */,
				418E221B27AAE553006895D1 /* BoardCollectionViewCell.swift in Sources */,
				418E221327AAE553006895D1 /* CustomView.swift in Sources */,
				418E223227AAECCA006895D1 /* BoardVM.swift in Sources */,
				418E221127AAE553006895D1 /* MainMenuView.swift in Sources */,
				418E221A27AAE553006895D1 /* Marker.swift in Sources */,
				418E222A27AAECCA006895D1 /* Move.swift in Sources */,
				418E221727AAE553006895D1 /* BoardView.swift in Sources */,
				418E222B27AAECCA006895D1 /* BoardAnalyzer.swift in Sources */,
				418E221527AAE553006895D1 /* NavigationVC.swift in Sources */,
				418E221C27AAE553006895D1 /* GameVC.swift in Sources */,
				418E222F27AAECCA006895D1 /* GameStatus.swift in Sources */,
				418E21EA27AAE336006895D1 /* SceneDelegate.swift in Sources */,
				418E222E27AAECCA006895D1 /* Cell.swift in Sources */,
			);
			runOnlyForDeploymentPostprocessing = 0;
		};
/* End PBXSourcesBuildPhase section */

/* Begin PBXVariantGroup section */
		418E21F227AAE338006895D1 /* LaunchScreen.storyboard */ = {
			isa = PBXVariantGroup;
			children = (
				418E21F327AAE338006895D1 /* Base */,
			);
			name = LaunchScreen.storyboard;
			sourceTree = "<group>";
		};
/* End PBXVariantGroup section */

/* Begin XCBuildConfiguration section */
		418E21F627AAE338006895D1 /* Debug */ = {
			isa = XCBuildConfiguration;
			buildSettings = {
				ALWAYS_SEARCH_USER_PATHS = NO;
				CLANG_ANALYZER_NONNULL = YES;
				CLANG_ANALYZER_NUMBER_OBJECT_CONVERSION = YES_AGGRESSIVE;
				CLANG_CXX_LANGUAGE_STANDARD = "gnu++17";
				CLANG_CXX_LIBRARY = "libc++";
				CLANG_ENABLE_MODULES = YES;
				CLANG_ENABLE_OBJC_ARC = YES;
				CLANG_ENABLE_OBJC_WEAK = YES;
				CLANG_WARN_BLOCK_CAPTURE_AUTORELEASING = YES;
				CLANG_WARN_BOOL_CONVERSION = YES;
				CLANG_WARN_COMMA = YES;
				CLANG_WARN_CONSTANT_CONVERSION = YES;
				CLANG_WARN_DEPRECATED_OBJC_IMPLEMENTATIONS = YES;
				CLANG_WARN_DIRECT_OBJC_ISA_USAGE = YES_ERROR;
				CLANG_WARN_DOCUMENTATION_COMMENTS = YES;
				CLANG_WARN_EMPTY_BODY = YES;
				CLANG_WARN_ENUM_CONVERSION = YES;
				CLANG_WARN_INFINITE_RECURSION = YES;
				CLANG_WARN_INT_CONVERSION = YES;
				CLANG_WARN_NON_LITERAL_NULL_CONVERSION = YES;
				CLANG_WARN_OBJC_IMPLICIT_RETAIN_SELF = YES;
				CLANG_WARN_OBJC_LITERAL_CONVERSION = YES;
				CLANG_WARN_OBJC_ROOT_CLASS = YES_ERROR;
				CLANG_WARN_QUOTED_INCLUDE_IN_FRAMEWORK_HEADER = YES;
				CLANG_WARN_RANGE_LOOP_ANALYSIS = YES;
				CLANG_WARN_STRICT_PROTOTYPES = YES;
				CLANG_WARN_SUSPICIOUS_MOVE = YES;
				CLANG_WARN_UNGUARDED_AVAILABILITY = YES_AGGRESSIVE;
				CLANG_WARN_UNREACHABLE_CODE = YES;
				CLANG_WARN__DUPLICATE_METHOD_MATCH = YES;
				COPY_PHASE_STRIP = NO;
				DEBUG_INFORMATION_FORMAT = dwarf;
				ENABLE_STRICT_OBJC_MSGSEND = YES;
				ENABLE_TESTABILITY = YES;
				GCC_C_LANGUAGE_STANDARD = gnu11;
				GCC_DYNAMIC_NO_PIC = NO;
				GCC_NO_COMMON_BLOCKS = YES;
				GCC_OPTIMIZATION_LEVEL = 0;
				GCC_PREPROCESSOR_DEFINITIONS = (
					"DEBUG=1",
					"$(inherited)",
				);
				GCC_WARN_64_TO_32_BIT_CONVERSION = YES;
				GCC_WARN_ABOUT_RETURN_TYPE = YES_ERROR;
				GCC_WARN_UNDECLARED_SELECTOR = YES;
				GCC_WARN_UNINITIALIZED_AUTOS = YES_AGGRESSIVE;
				GCC_WARN_UNUSED_FUNCTION = YES;
				GCC_WARN_UNUSED_VARIABLE = YES;
				IPHONEOS_DEPLOYMENT_TARGET = 13.0;
				MTL_ENABLE_DEBUG_INFO = INCLUDE_SOURCE;
				MTL_FAST_MATH = YES;
				ONLY_ACTIVE_ARCH = YES;
				SDKROOT = iphoneos;
				SWIFT_ACTIVE_COMPILATION_CONDITIONS = DEBUG;
				SWIFT_OPTIMIZATION_LEVEL = "-Onone";
			};
			name = Debug;
		};
		418E21F727AAE338006895D1 /* Release */ = {
			isa = XCBuildConfiguration;
			buildSettings = {
				ALWAYS_SEARCH_USER_PATHS = NO;
				CLANG_ANALYZER_NONNULL = YES;
				CLANG_ANALYZER_NUMBER_OBJECT_CONVERSION = YES_AGGRESSIVE;
				CLANG_CXX_LANGUAGE_STANDARD = "gnu++17";
				CLANG_CXX_LIBRARY = "libc++";
				CLANG_ENABLE_MODULES = YES;
				CLANG_ENABLE_OBJC_ARC = YES;
				CLANG_ENABLE_OBJC_WEAK = YES;
				CLANG_WARN_BLOCK_CAPTURE_AUTORELEASING = YES;
				CLANG_WARN_BOOL_CONVERSION = YES;
				CLANG_WARN_COMMA = YES;
				CLANG_WARN_CONSTANT_CONVERSION = YES;
				CLANG_WARN_DEPRECATED_OBJC_IMPLEMENTATIONS = YES;
				CLANG_WARN_DIRECT_OBJC_ISA_USAGE = YES_ERROR;
				CLANG_WARN_DOCUMENTATION_COMMENTS = YES;
				CLANG_WARN_EMPTY_BODY = YES;
				CLANG_WARN_ENUM_CONVERSION = YES;
				CLANG_WARN_INFINITE_RECURSION = YES;
				CLANG_WARN_INT_CONVERSION = YES;
				CLANG_WARN_NON_LITERAL_NULL_CONVERSION = YES;
				CLANG_WARN_OBJC_IMPLICIT_RETAIN_SELF = YES;
				CLANG_WARN_OBJC_LITERAL_CONVERSION = YES;
				CLANG_WARN_OBJC_ROOT_CLASS = YES_ERROR;
				CLANG_WARN_QUOTED_INCLUDE_IN_FRAMEWORK_HEADER = YES;
				CLANG_WARN_RANGE_LOOP_ANALYSIS = YES;
				CLANG_WARN_STRICT_PROTOTYPES = YES;
				CLANG_WARN_SUSPICIOUS_MOVE = YES;
				CLANG_WARN_UNGUARDED_AVAILABILITY = YES_AGGRESSIVE;
				CLANG_WARN_UNREACHABLE_CODE = YES;
				CLANG_WARN__DUPLICATE_METHOD_MATCH = YES;
				COPY_PHASE_STRIP = NO;
				DEBUG_INFORMATION_FORMAT = "dwarf-with-dsym";
				ENABLE_NS_ASSERTIONS = NO;
				ENABLE_STRICT_OBJC_MSGSEND = YES;
				GCC_C_LANGUAGE_STANDARD = gnu11;
				GCC_NO_COMMON_BLOCKS = YES;
				GCC_WARN_64_TO_32_BIT_CONVERSION = YES;
				GCC_WARN_ABOUT_RETURN_TYPE = YES_ERROR;
				GCC_WARN_UNDECLARED_SELECTOR = YES;
				GCC_WARN_UNINITIALIZED_AUTOS = YES_AGGRESSIVE;
				GCC_WARN_UNUSED_FUNCTION = YES;
				GCC_WARN_UNUSED_VARIABLE = YES;
				IPHONEOS_DEPLOYMENT_TARGET = 13.0;
				MTL_ENABLE_DEBUG_INFO = NO;
				MTL_FAST_MATH = YES;
				SDKROOT = iphoneos;
				SWIFT_COMPILATION_MODE = wholemodule;
				SWIFT_OPTIMIZATION_LEVEL = "-O";
				VALIDATE_PRODUCT = YES;
			};
			name = Release;
		};
		418E21F927AAE338006895D1 /* Debug */ = {
			isa = XCBuildConfiguration;
			baseConfigurationReference = 10F96862478003DADDE62A5E /* Pods-tictactoe-ios.debug.xcconfig */;
			buildSettings = {
				ASSETCATALOG_COMPILER_APPICON_NAME = AppIcon;
				ASSETCATALOG_COMPILER_GLOBAL_ACCENT_COLOR_NAME = AccentColor;
				CODE_SIGN_STYLE = Automatic;
				CURRENT_PROJECT_VERSION = 1;
				GENERATE_INFOPLIST_FILE = YES;
				INFOPLIST_FILE = "tictactoe-ios/Resources/Info.plist";
				INFOPLIST_KEY_UIApplicationSupportsIndirectInputEvents = YES;
				INFOPLIST_KEY_UILaunchStoryboardName = LaunchScreen;
				INFOPLIST_KEY_UISupportedInterfaceOrientations = UIInterfaceOrientationPortrait;
				INFOPLIST_KEY_UISupportedInterfaceOrientations_iPad = "UIInterfaceOrientationPortrait UIInterfaceOrientationPortraitUpsideDown UIInterfaceOrientationLandscapeLeft UIInterfaceOrientationLandscapeRight";
				INFOPLIST_KEY_UISupportedInterfaceOrientations_iPhone = "UIInterfaceOrientationPortrait UIInterfaceOrientationLandscapeLeft UIInterfaceOrientationLandscapeRight";
				IPHONEOS_DEPLOYMENT_TARGET = 13.0;
				LD_RUNPATH_SEARCH_PATHS = (
					"$(inherited)",
					"@executable_path/Frameworks",
				);
				MARKETING_VERSION = 1.0;
				PRODUCT_BUNDLE_IDENTIFIER = "fara04.tictactoe-ios";
				PRODUCT_NAME = "$(TARGET_NAME)";
				SWIFT_EMIT_LOC_STRINGS = YES;
				SWIFT_VERSION = 5.0;
				TARGETED_DEVICE_FAMILY = 1;
			};
			name = Debug;
		};
		418E21FA27AAE338006895D1 /* Release */ = {
			isa = XCBuildConfiguration;
			baseConfigurationReference = 0159262993B768CB9828773E /* Pods-tictactoe-ios.release.xcconfig */;
			buildSettings = {
				ASSETCATALOG_COMPILER_APPICON_NAME = AppIcon;
				ASSETCATALOG_COMPILER_GLOBAL_ACCENT_COLOR_NAME = AccentColor;
				CODE_SIGN_STYLE = Automatic;
				CURRENT_PROJECT_VERSION = 1;
				GENERATE_INFOPLIST_FILE = YES;
				INFOPLIST_FILE = "tictactoe-ios/Resources/Info.plist";
				INFOPLIST_KEY_UIApplicationSupportsIndirectInputEvents = YES;
				INFOPLIST_KEY_UILaunchStoryboardName = LaunchScreen;
				INFOPLIST_KEY_UISupportedInterfaceOrientations = UIInterfaceOrientationPortrait;
				INFOPLIST_KEY_UISupportedInterfaceOrientations_iPad = "UIInterfaceOrientationPortrait UIInterfaceOrientationPortraitUpsideDown UIInterfaceOrientationLandscapeLeft UIInterfaceOrientationLandscapeRight";
				INFOPLIST_KEY_UISupportedInterfaceOrientations_iPhone = "UIInterfaceOrientationPortrait UIInterfaceOrientationLandscapeLeft UIInterfaceOrientationLandscapeRight";
				IPHONEOS_DEPLOYMENT_TARGET = 13.0;
				LD_RUNPATH_SEARCH_PATHS = (
					"$(inherited)",
					"@executable_path/Frameworks",
				);
				MARKETING_VERSION = 1.0;
				PRODUCT_BUNDLE_IDENTIFIER = "fara04.tictactoe-ios";
				PRODUCT_NAME = "$(TARGET_NAME)";
				SWIFT_EMIT_LOC_STRINGS = YES;
				SWIFT_VERSION = 5.0;
				TARGETED_DEVICE_FAMILY = 1;
			};
			name = Release;
		};
/* End XCBuildConfiguration section */

/* Begin XCConfigurationList section */
		418E21DF27AAE336006895D1 /* Build configuration list for PBXProject "tictactoe-ios" */ = {
			isa = XCConfigurationList;
			buildConfigurations = (
				418E21F627AAE338006895D1 /* Debug */,
				418E21F727AAE338006895D1 /* Release */,
			);
			defaultConfigurationIsVisible = 0;
			defaultConfigurationName = Release;
		};
		418E21F827AAE338006895D1 /* Build configuration list for PBXNativeTarget "tictactoe-ios" */ = {
			isa = XCConfigurationList;
			buildConfigurations = (
				418E21F927AAE338006895D1 /* Debug */,
				418E21FA27AAE338006895D1 /* Release */,
			);
			defaultConfigurationIsVisible = 0;
			defaultConfigurationName = Release;
		};
/* End XCConfigurationList section */
	};
	rootObject = 418E21DC27AAE336006895D1 /* Project object */;
}
